
Microsoft Visual Studio Solution File, Format Version 12.00
# Visual Studio Version 16
VisualStudioVersion = 16.0.29009.5
MinimumVisualStudioVersion = 10.0.40219.1
Project("{FAE04EC0-301F-11D3-BF4B-00C04F79EFBC}") = "CustomLinkedList", "CustomLinkedList\CustomLinkedList.csproj", "{8602183F-08CD-4440-A878-E450085F89D4}"
EndProject
Project("{FAE04EC0-301F-11D3-BF4B-00C04F79EFBC}") = "CustomLinkedListManualTesting", "CustomLinkedListManualTesting\CustomLinkedListManualTesting.csproj", "{2B641122-785B-4E25-AC90-8CD483BEB7D1}"
EndProject
Global
	GlobalSection(SolutionConfigurationPlatforms) = preSolution
		Debug|Any CPU = Debug|Any CPU
		Release|Any CPU = Release|Any CPU
	EndGlobalSection
	GlobalSection(ProjectConfigurationPlatforms) = postSolution
		{8602183F-08CD-4440-A878-E450085F89D4}.Debug|Any CPU.ActiveCfg = Debug|Any CPU
		{8602183F-08CD-4440-A878-E450085F89D4}.Debug|Any CPU.Build.0 = Debug|Any CPU
		{8602183F-08CD-4440-A878-E450085F89D4}.Release|Any CPU.ActiveCfg = Release|Any CPU
		{8602183F-08CD-4440-A878-E450085F89D4}.Release|Any CPU.Build.0 = Release|Any CPU
		{2B641122-785B-4E25-AC90-8CD483BEB7D1}.Debug|Any CPU.ActiveCfg = Debug|Any CPU
		{2B641122-785B-4E25-AC90-8CD483BEB7D1}.Debug|Any CPU.Build.0 = Debug|Any CPU
		{2B641122-785B-4E25-AC90-8CD483BEB7D1}.Release|Any CPU.ActiveCfg = Release|Any CPU
		{2B641122-785B-4E25-AC90-8CD483BEB7D1}.Release|Any CPU.Build.0 = Release|Any CPU
	EndGlobalSection
	GlobalSection(SolutionProperties) = preSolution
		HideSolutionNode = FALSE
	EndGlobalSection
	GlobalSection(ExtensibilityGlobals) = postSolution
		SolutionGuid = {23FBC36C-7429-4E4B-ADA7-D1E0DAF31BFC}
	EndGlobalSection
EndGlobal
